
Microsoft Visual Studio Solution File, Format Version 12.00
# Visual Studio Version 17
VisualStudioVersion = 17.6.33723.286
MinimumVisualStudioVersion = 10.0.40219.1
Project("{FAE04EC0-301F-11D3-BF4B-00C04F79EFBC}") = "ManagingInvestor", "ManagingInvestor\ManagingInvestor.csproj", "{D9CC95F3-69EC-4293-A727-1E010A5B1827}"
EndProject
Global
	GlobalSection(SolutionConfigurationPlatforms) = preSolution
		Debug|Any CPU = Debug|Any CPU
		Release|Any CPU = Release|Any CPU
	EndGlobalSection
	GlobalSection(ProjectConfigurationPlatforms) = postSolution
		{D9CC95F3-69EC-4293-A727-1E010A5B1827}.Debug|Any CPU.ActiveCfg = Debug|Any CPU
		{D9CC95F3-69EC-4293-A727-1E010A5B1827}.Debug|Any CPU.Build.0 = Debug|Any CPU
		{D9CC95F3-69EC-4293-A727-1E010A5B1827}.Release|Any CPU.ActiveCfg = Release|Any CPU
		{D9CC95F3-69EC-4293-A727-1E010A5B1827}.Release|Any CPU.Build.0 = Release|Any CPU
	EndGlobalSection
	GlobalSection(SolutionProperties) = preSolution
		HideSolutionNode = FALSE
	EndGlobalSection
	GlobalSection(ExtensibilityGlobals) = postSolution
		SolutionGuid = {E37FF903-44A9-42B1-A222-E3DDE9F4FCB2}
	EndGlobalSection
EndGlobal
